
Microsoft Visual Studio Solution File, Format Version 12.00
# Visual Studio Version 16
VisualStudioVersion = 16.0.32106.194
MinimumVisualStudioVersion = 10.0.40219.1
Project("{FAE04EC0-301F-11D3-BF4B-00C04F79EFBC}") = "day13", "day13\day13.csproj", "{861B773D-6590-470B-A82A-501EC1BBFE21}"
EndProject
Global
	GlobalSection(SolutionConfigurationPlatforms) = preSolution
		Debug|Any CPU = Debug|Any CPU
		Release|Any CPU = Release|Any CPU
	EndGlobalSection
	GlobalSection(ProjectConfigurationPlatforms) = postSolution
		{861B773D-6590-470B-A82A-501EC1BBFE21}.Debug|Any CPU.ActiveCfg = Debug|Any CPU
		{861B773D-6590-470B-A82A-501EC1BBFE21}.Debug|Any CPU.Build.0 = Debug|Any CPU
		{861B773D-6590-470B-A82A-501EC1BBFE21}.Release|Any CPU.ActiveCfg = Release|Any CPU
		{861B773D-6590-470B-A82A-501EC1BBFE21}.Release|Any CPU.Build.0 = Release|Any CPU
	EndGlobalSection
	GlobalSection(SolutionProperties) = preSolution
		HideSolutionNode = FALSE
	EndGlobalSection
	GlobalSection(ExtensibilityGlobals) = postSolution
		SolutionGuid = {4BF30121-4C20-447E-880F-C96C01F5D8DC}
	EndGlobalSection
EndGlobal
