
Microsoft Visual Studio Solution File, Format Version 12.00
# Visual Studio Version 16
VisualStudioVersion = 16.0.32106.194
MinimumVisualStudioVersion = 10.0.40219.1
Project("{FAE04EC0-301F-11D3-BF4B-00C04F79EFBC}") = "equalsanddoubleequals", "equalsanddoubleequals\equalsanddoubleequals.csproj", "{120666D8-CE3D-4A47-8835-40442F84DBDB}"
EndProject
Global
	GlobalSection(SolutionConfigurationPlatforms) = preSolution
		Debug|Any CPU = Debug|Any CPU
		Release|Any CPU = Release|Any CPU
	EndGlobalSection
	GlobalSection(ProjectConfigurationPlatforms) = postSolution
		{120666D8-CE3D-4A47-8835-40442F84DBDB}.Debug|Any CPU.ActiveCfg = Debug|Any CPU
		{120666D8-CE3D-4A47-8835-40442F84DBDB}.Debug|Any CPU.Build.0 = Debug|Any CPU
		{120666D8-CE3D-4A47-8835-40442F84DBDB}.Release|Any CPU.ActiveCfg = Release|Any CPU
		{120666D8-CE3D-4A47-8835-40442F84DBDB}.Release|Any CPU.Build.0 = Release|Any CPU
	EndGlobalSection
	GlobalSection(SolutionProperties) = preSolution
		HideSolutionNode = FALSE
	EndGlobalSection
	GlobalSection(ExtensibilityGlobals) = postSolution
		SolutionGuid = {939537AA-03A8-47AB-BD85-1969160FCFCC}
	EndGlobalSection
EndGlobal
