
Microsoft Visual Studio Solution File, Format Version 12.00
# Visual Studio Version 16
VisualStudioVersion = 16.0.32106.194
MinimumVisualStudioVersion = 10.0.40219.1
Project("{FAE04EC0-301F-11D3-BF4B-00C04F79EFBC}") = "Day8", "Day8\Day8.csproj", "{CCE36B38-68D7-4132-A027-D91C456856E6}"
EndProject
Global
	GlobalSection(SolutionConfigurationPlatforms) = preSolution
		Debug|Any CPU = Debug|Any CPU
		Release|Any CPU = Release|Any CPU
	EndGlobalSection
	GlobalSection(ProjectConfigurationPlatforms) = postSolution
		{CCE36B38-68D7-4132-A027-D91C456856E6}.Debug|Any CPU.ActiveCfg = Debug|Any CPU
		{CCE36B38-68D7-4132-A027-D91C456856E6}.Debug|Any CPU.Build.0 = Debug|Any CPU
		{CCE36B38-68D7-4132-A027-D91C456856E6}.Release|Any CPU.ActiveCfg = Release|Any CPU
		{CCE36B38-68D7-4132-A027-D91C456856E6}.Release|Any CPU.Build.0 = Release|Any CPU
	EndGlobalSection
	GlobalSection(SolutionProperties) = preSolution
		HideSolutionNode = FALSE
	EndGlobalSection
	GlobalSection(ExtensibilityGlobals) = postSolution
		SolutionGuid = {C0C8C675-49E1-41DD-B688-9A088C9CAEF8}
	EndGlobalSection
EndGlobal
