
Microsoft Visual Studio Solution File, Format Version 12.00
# Visual Studio Version 16
VisualStudioVersion = 16.0.32106.194
MinimumVisualStudioVersion = 10.0.40219.1
Project("{FAE04EC0-301F-11D3-BF4B-00C04F79EFBC}") = "maricesmult", "maricesmult\maricesmult.csproj", "{87B9116E-C9BF-4F0B-86DB-FCD991F04BDF}"
EndProject
Global
	GlobalSection(SolutionConfigurationPlatforms) = preSolution
		Debug|Any CPU = Debug|Any CPU
		Release|Any CPU = Release|Any CPU
	EndGlobalSection
	GlobalSection(ProjectConfigurationPlatforms) = postSolution
		{87B9116E-C9BF-4F0B-86DB-FCD991F04BDF}.Debug|Any CPU.ActiveCfg = Debug|Any CPU
		{87B9116E-C9BF-4F0B-86DB-FCD991F04BDF}.Debug|Any CPU.Build.0 = Debug|Any CPU
		{87B9116E-C9BF-4F0B-86DB-FCD991F04BDF}.Release|Any CPU.ActiveCfg = Release|Any CPU
		{87B9116E-C9BF-4F0B-86DB-FCD991F04BDF}.Release|Any CPU.Build.0 = Release|Any CPU
	EndGlobalSection
	GlobalSection(SolutionProperties) = preSolution
		HideSolutionNode = FALSE
	EndGlobalSection
	GlobalSection(ExtensibilityGlobals) = postSolution
		SolutionGuid = {4D1F14F0-1A26-4D6D-AB47-67A23C1CC1C6}
	EndGlobalSection
EndGlobal
